
Microsoft Visual Studio Solution File, Format Version 12.00
# Visual Studio 15
VisualStudioVersion = 15.0.27004.2009
MinimumVisualStudioVersion = 10.0.40219.1
Project("{9A19103F-16F7-4668-BE54-9A1E7A4F7556}") = "MeticulousMentoring.API", "MeticulousMentoring.API\MeticulousMentoring.API.csproj", "{BDBFB800-E168-4035-ADC8-3A7715C55AA2}"
EndProject
Project("{9A19103F-16F7-4668-BE54-9A1E7A4F7556}") = "MeticulousMentoring.Web", "MeticulousMentoring.Web\MeticulousMentoring.Web.csproj", "{A0D4B849-DEA7-4197-9AFB-921CC668548D}"
EndProject
Global
	GlobalSection(SolutionConfigurationPlatforms) = preSolution
		Debug|Any CPU = Debug|Any CPU
		Release|Any CPU = Release|Any CPU
	EndGlobalSection
	GlobalSection(ProjectConfigurationPlatforms) = postSolution
		{BDBFB800-E168-4035-ADC8-3A7715C55AA2}.Debug|Any CPU.ActiveCfg = Debug|Any CPU
		{BDBFB800-E168-4035-ADC8-3A7715C55AA2}.Debug|Any CPU.Build.0 = Debug|Any CPU
		{BDBFB800-E168-4035-ADC8-3A7715C55AA2}.Release|Any CPU.ActiveCfg = Release|Any CPU
		{BDBFB800-E168-4035-ADC8-3A7715C55AA2}.Release|Any CPU.Build.0 = Release|Any CPU
		{A0D4B849-DEA7-4197-9AFB-921CC668548D}.Debug|Any CPU.ActiveCfg = Debug|Any CPU
		{A0D4B849-DEA7-4197-9AFB-921CC668548D}.Debug|Any CPU.Build.0 = Debug|Any CPU
		{A0D4B849-DEA7-4197-9AFB-921CC668548D}.Release|Any CPU.ActiveCfg = Release|Any CPU
		{A0D4B849-DEA7-4197-9AFB-921CC668548D}.Release|Any CPU.Build.0 = Release|Any CPU
	EndGlobalSection
	GlobalSection(SolutionProperties) = preSolution
		HideSolutionNode = FALSE
	EndGlobalSection
	GlobalSection(ExtensibilityGlobals) = postSolution
		SolutionGuid = {2ED3086B-77F4-4F1B-9F5B-76F4938C52D0}
	EndGlobalSection
EndGlobal
