{
  "requires": true,
  "lockfileVersion": 1,
  "dependencies": {
    "@angular/animations": {
      "version": "6.1.0",
      "resolved": "https://registry.npmjs.org/@angular/animations/-/animations-6.1.0.tgz",
      "integrity": "sha512-9IJs1czyoOlgcaY3QUyQI0XeTFX45Qr/o5qlPrce240gi7TXbdJs3WIbLzxx7BhMf20GholCaOvSS3BZrNlFSA==",
      "requires": {
        "tslib": "1.9.3"
      }
    },
    "@angular/cdk": {
      "version": "6.4.2",
      "resolved": "https://registry.npmjs.org/@angular/cdk/-/cdk-6.4.2.tgz",
      "integrity": "sha512-YnmveHuUwg91+l6Y2kC+KAS37HHpeooy5UjcvXm42dUQ+7Bqr0qxnvBxF8RiQ0p0RrXqsbUCSWD7M2FmGS+rcg==",
      "requires": {
        "tslib": "1.9.3"
      }
    },
    "@angular/common": {
      "version": "6.1.0",
      "resolved": "https://registry.npmjs.org/@angular/common/-/common-6.1.0.tgz",
      "integrity": "sha512-uxdjxbuTYiCsOcrfO9EumGrfXo+7nB7HlS9F4wraKcnR22oJYNUh36meFKZwpoj5pDIBLnZQu75boI16o3W+SQ==",
      "requires": {
        "tslib": "1.9.3"
      }
    },
    "@angular/core": {
      "version": "6.1.0",
      "resolved": "https://registry.npmjs.org/@angular/core/-/core-6.1.0.tgz",
      "integrity": "sha512-gWu9Q7q2+fhFC5dl/BvGW7Ha7NUJtK9wQLYQlfIMim4lKTOiM1/S0MYBVMrEq58ldMr9DnA35f5jGno3x6/v+g==",
      "requires": {
        "tslib": "1.9.3"
      }
    },
    "@angular/material": {
      "version": "6.4.2",
      "resolved": "https://registry.npmjs.org/@angular/material/-/material-6.4.2.tgz",
      "integrity": "sha512-tioDU/6dum0XwV4H29M20JGL6lecdJijD2X3PY0s1bh8Av50FdL0CDG6d19vVZHWyQzwKHav5ljHU1EVduWhow==",
      "requires": {
        "parse5": "5.0.0",
        "tslib": "1.9.3"
      }
    },
    "bootstrap": {
      "version": "4.1.3",
      "resolved": "https://registry.npmjs.org/bootstrap/-/bootstrap-4.1.3.tgz",
      "integrity": "sha512-rDFIzgXcof0jDyjNosjv4Sno77X4KuPeFxG2XZZv1/Kc8DRVGVADdoQyyOVDwPqL36DDmtCQbrpMCqvpPLJQ0w=="
    },
    "hammerjs": {
      "version": "2.0.8",
      "resolved": "https://registry.npmjs.org/hammerjs/-/hammerjs-2.0.8.tgz",
      "integrity": "sha1-BO93hiz/K7edMPdpIJWTAiK/YPE="
    },
    "jquery": {
      "version": "3.3.1",
      "resolved": "https://registry.npmjs.org/jquery/-/jquery-3.3.1.tgz",
      "integrity": "sha512-Ubldcmxp5np52/ENotGxlLe6aGMvmF4R8S6tZjsP6Knsaxd/xp3Zrh50cG93lR6nPXyUFwzN3ZSOQI0wRJNdGg=="
    },
    "parse5": {
      "version": "5.0.0",
      "resolved": "https://registry.npmjs.org/parse5/-/parse5-5.0.0.tgz",
      "integrity": "sha512-0ywuiUOnpWWeil5grH2rxjyTJoeQVwyBuO2si6QIU9dWtj2npjuyK1HaY1RbLnVfDhEbhyAPNUBKRK0Xj2xE0w=="
    },
    "popper.js": {
      "version": "1.14.3",
      "resolved": "https://registry.npmjs.org/popper.js/-/popper.js-1.14.3.tgz",
      "integrity": "sha1-FDj5jQRqz3tNeM1QK/QYrGTU8JU="
    },
    "rxjs": {
      "version": "6.0.0",
      "resolved": "https://registry.npmjs.org/rxjs/-/rxjs-6.0.0.tgz",
      "integrity": "sha512-2MgLQr1zvks8+Kip4T6hcJdiBhV+SIvxguoWjhwtSpNPTp/5e09HJbgclCwR/nW0yWzhubM+6Q0prl8G5RuoBA==",
      "requires": {
        "tslib": "1.9.3"
      }
    },
    "tslib": {
      "version": "1.9.3",
      "resolved": "https://registry.npmjs.org/tslib/-/tslib-1.9.3.tgz",
      "integrity": "sha512-4krF8scpejhaOgqzBEcGM7yDIEfi0/8+8zDRZhNZZ2kjmHJ4hv3zCbQWxoJGz1iw5U0Jl0nma13xzHXcncMavQ=="
    },
    "zone.js": {
      "version": "0.8.26",
      "resolved": "https://registry.npmjs.org/zone.js/-/zone.js-0.8.26.tgz",
      "integrity": "sha512-W9Nj+UmBJG251wkCacIkETgra4QgBo/vgoEkb4a2uoLzpQG7qF9nzwoLXWU5xj3Fg2mxGvEDh47mg24vXccYjA=="
    }
  }
}
